# This file is generated by running "yarn install" inside your project.
# Manual changes might be lost - proceed with caution!

__metadata:
  version: 6
  cacheKey: 8

"@n0bodysec/eslint-config@workspace:.":
  version: 0.0.0-use.local
  resolution: "@n0bodysec/eslint-config@workspace:."
  dependencies:
    eslint-config-airbnb-base: ^15.0.0
  peerDependencies:
    eslint: "*"
    eslint-plugin-import: "*"
  languageName: unknown
  linkType: soft

"call-bind@npm:^1.0.0, call-bind@npm:^1.0.2":
  version: 1.0.2
  resolution: "call-bind@npm:1.0.2"
  dependencies:
    function-bind: ^1.1.1
    get-intrinsic: ^1.0.2
  checksum: f8e31de9d19988a4b80f3e704788c4a2d6b6f3d17cfec4f57dc29ced450c53a49270dc66bf0fbd693329ee948dd33e6c90a329519aef17474a4d961e8d6426b0
  languageName: node
  linkType: hard

"confusing-browser-globals@npm:^1.0.10":
  version: 1.0.11
  resolution: "confusing-browser-globals@npm:1.0.11"
  checksum: 3afc635abd37e566477f610e7978b15753f0e84025c25d49236f1f14d480117185516bdd40d2a2167e6bed8048641a9854964b9c067e3dcdfa6b5d0ad3c3a5ef
  languageName: node
  linkType: hard

"define-properties@npm:^1.1.3, define-properties@npm:^1.1.4":
  version: 1.1.4
  resolution: "define-properties@npm:1.1.4"
  dependencies:
    has-property-descriptors: ^1.0.0
    object-keys: ^1.1.1
  checksum: ce0aef3f9eb193562b5cfb79b2d2c86b6a109dfc9fdcb5f45d680631a1a908c06824ddcdb72b7573b54e26ace07f0a23420aaba0d5c627b34d2c1de8ef527e2b
  languageName: node
  linkType: hard

"es-abstract@npm:^1.19.0, es-abstract@npm:^1.19.1, es-abstract@npm:^1.19.5":
  version: 1.20.3
  resolution: "es-abstract@npm:1.20.3"
  dependencies:
    call-bind: ^1.0.2
    es-to-primitive: ^1.2.1
    function-bind: ^1.1.1
    function.prototype.name: ^1.1.5
    get-intrinsic: ^1.1.3
    get-symbol-description: ^1.0.0
    has: ^1.0.3
    has-property-descriptors: ^1.0.0
    has-symbols: ^1.0.3
    internal-slot: ^1.0.3
    is-callable: ^1.2.6
    is-negative-zero: ^2.0.2
    is-regex: ^1.1.4
    is-shared-array-buffer: ^1.0.2
    is-string: ^1.0.7
    is-weakref: ^1.0.2
    object-inspect: ^1.12.2
    object-keys: ^1.1.1
    object.assign: ^4.1.4
    regexp.prototype.flags: ^1.4.3
    safe-regex-test: ^1.0.0
    string.prototype.trimend: ^1.0.5
    string.prototype.trimstart: ^1.0.5
    unbox-primitive: ^1.0.2
  checksum: 225f24966ed960868bcfa7b39b38c9f4b68d1e0351e4e052a199e3e2fd93838a28b050687a0edf1021c20173d0831d076ff33ec581de77ca8aded67e2e138a80
  languageName: node
  linkType: hard

"es-to-primitive@npm:^1.2.1":
  version: 1.2.1
  resolution: "es-to-primitive@npm:1.2.1"
  dependencies:
    is-callable: ^1.1.4
    is-date-object: ^1.0.1
    is-symbol: ^1.0.2
  checksum: 4ead6671a2c1402619bdd77f3503991232ca15e17e46222b0a41a5d81aebc8740a77822f5b3c965008e631153e9ef0580540007744521e72de8e33599fca2eed
  languageName: node
  linkType: hard

"eslint-config-airbnb-base@npm:^15.0.0":
  version: 15.0.0
  resolution: "eslint-config-airbnb-base@npm:15.0.0"
  dependencies:
    confusing-browser-globals: ^1.0.10
    object.assign: ^4.1.2
    object.entries: ^1.1.5
    semver: ^6.3.0
  peerDependencies:
    eslint: ^7.32.0 || ^8.2.0
    eslint-plugin-import: ^2.25.2
  checksum: 38626bad2ce2859fccac86b30cd2b86c9b7d8d71d458331860861dc05290a5b198bded2f4fb89efcb9046ec48f8ab4c4fb00365ba8916f27b172671da28b93ea
  languageName: node
  linkType: hard

"function-bind@npm:^1.1.1":
  version: 1.1.1
  resolution: "function-bind@npm:1.1.1"
  checksum: b32fbaebb3f8ec4969f033073b43f5c8befbb58f1a79e12f1d7490358150359ebd92f49e72ff0144f65f2c48ea2a605bff2d07965f548f6474fd8efd95bf361a
  languageName: node
  linkType: hard

"function.prototype.name@npm:^1.1.5":
  version: 1.1.5
  resolution: "function.prototype.name@npm:1.1.5"
  dependencies:
    call-bind: ^1.0.2
    define-properties: ^1.1.3
    es-abstract: ^1.19.0
    functions-have-names: ^1.2.2
  checksum: acd21d733a9b649c2c442f067567743214af5fa248dbeee69d8278ce7df3329ea5abac572be9f7470b4ec1cd4d8f1040e3c5caccf98ebf2bf861a0deab735c27
  languageName: node
  linkType: hard

"functions-have-names@npm:^1.2.2":
  version: 1.2.3
  resolution: "functions-have-names@npm:1.2.3"
  checksum: c3f1f5ba20f4e962efb71344ce0a40722163e85bee2101ce25f88214e78182d2d2476aa85ef37950c579eb6cf6ee811c17b3101bb84004bb75655f3e33f3fdb5
  languageName: node
  linkType: hard

"get-intrinsic@npm:^1.0.2, get-intrinsic@npm:^1.1.0, get-intrinsic@npm:^1.1.1, get-intrinsic@npm:^1.1.3":
  version: 1.1.3
  resolution: "get-intrinsic@npm:1.1.3"
  dependencies:
    function-bind: ^1.1.1
    has: ^1.0.3
    has-symbols: ^1.0.3
  checksum: 152d79e87251d536cf880ba75cfc3d6c6c50e12b3a64e1ea960e73a3752b47c69f46034456eae1b0894359ce3bc64c55c186f2811f8a788b75b638b06fab228a
  languageName: node
  linkType: hard

"get-symbol-description@npm:^1.0.0":
  version: 1.0.0
  resolution: "get-symbol-description@npm:1.0.0"
  dependencies:
    call-bind: ^1.0.2
    get-intrinsic: ^1.1.1
  checksum: 9ceff8fe968f9270a37a1f73bf3f1f7bda69ca80f4f80850670e0e7b9444ff99323f7ac52f96567f8b5f5fbe7ac717a0d81d3407c7313e82810c6199446a5247
  languageName: node
  linkType: hard

"has-bigints@npm:^1.0.1, has-bigints@npm:^1.0.2":
  version: 1.0.2
  resolution: "has-bigints@npm:1.0.2"
  checksum: 390e31e7be7e5c6fe68b81babb73dfc35d413604d7ee5f56da101417027a4b4ce6a27e46eff97ad040c835b5d228676eae99a9b5c3bc0e23c8e81a49241ff45b
  languageName: node
  linkType: hard

"has-property-descriptors@npm:^1.0.0":
  version: 1.0.0
  resolution: "has-property-descriptors@npm:1.0.0"
  dependencies:
    get-intrinsic: ^1.1.1
  checksum: a6d3f0a266d0294d972e354782e872e2fe1b6495b321e6ef678c9b7a06a40408a6891817350c62e752adced73a94ac903c54734fee05bf65b1905ee1368194bb
  languageName: node
  linkType: hard

"has-symbols@npm:^1.0.2, has-symbols@npm:^1.0.3":
  version: 1.0.3
  resolution: "has-symbols@npm:1.0.3"
  checksum: a054c40c631c0d5741a8285010a0777ea0c068f99ed43e5d6eb12972da223f8af553a455132fdb0801bdcfa0e0f443c0c03a68d8555aa529b3144b446c3f2410
  languageName: node
  linkType: hard

"has-tostringtag@npm:^1.0.0":
  version: 1.0.0
  resolution: "has-tostringtag@npm:1.0.0"
  dependencies:
    has-symbols: ^1.0.2
  checksum: cc12eb28cb6ae22369ebaad3a8ab0799ed61270991be88f208d508076a1e99abe4198c965935ce85ea90b60c94ddda73693b0920b58e7ead048b4a391b502c1c
  languageName: node
  linkType: hard

"has@npm:^1.0.3":
  version: 1.0.3
  resolution: "has@npm:1.0.3"
  dependencies:
    function-bind: ^1.1.1
  checksum: b9ad53d53be4af90ce5d1c38331e712522417d017d5ef1ebd0507e07c2fbad8686fffb8e12ddecd4c39ca9b9b47431afbb975b8abf7f3c3b82c98e9aad052792
  languageName: node
  linkType: hard

"internal-slot@npm:^1.0.3":
  version: 1.0.3
  resolution: "internal-slot@npm:1.0.3"
  dependencies:
    get-intrinsic: ^1.1.0
    has: ^1.0.3
    side-channel: ^1.0.4
  checksum: 1944f92e981e47aebc98a88ff0db579fd90543d937806104d0b96557b10c1f170c51fb777b97740a8b6ddeec585fca8c39ae99fd08a8e058dfc8ab70937238bf
  languageName: node
  linkType: hard

"is-bigint@npm:^1.0.1":
  version: 1.0.4
  resolution: "is-bigint@npm:1.0.4"
  dependencies:
    has-bigints: ^1.0.1
  checksum: c56edfe09b1154f8668e53ebe8252b6f185ee852a50f9b41e8d921cb2bed425652049fbe438723f6cb48a63ca1aa051e948e7e401e093477c99c84eba244f666
  languageName: node
  linkType: hard

"is-boolean-object@npm:^1.1.0":
  version: 1.1.2
  resolution: "is-boolean-object@npm:1.1.2"
  dependencies:
    call-bind: ^1.0.2
    has-tostringtag: ^1.0.0
  checksum: c03b23dbaacadc18940defb12c1c0e3aaece7553ef58b162a0f6bba0c2a7e1551b59f365b91e00d2dbac0522392d576ef322628cb1d036a0fe51eb466db67222
  languageName: node
  linkType: hard

"is-callable@npm:^1.1.4, is-callable@npm:^1.2.6":
  version: 1.2.7
  resolution: "is-callable@npm:1.2.7"
  checksum: 61fd57d03b0d984e2ed3720fb1c7a897827ea174bd44402878e059542ea8c4aeedee0ea0985998aa5cc2736b2fa6e271c08587addb5b3959ac52cf665173d1ac
  languageName: node
  linkType: hard

"is-date-object@npm:^1.0.1":
  version: 1.0.5
  resolution: "is-date-object@npm:1.0.5"
  dependencies:
    has-tostringtag: ^1.0.0
  checksum: baa9077cdf15eb7b58c79398604ca57379b2fc4cf9aa7a9b9e295278648f628c9b201400c01c5e0f7afae56507d741185730307cbe7cad3b9f90a77e5ee342fc
  languageName: node
  linkType: hard

"is-negative-zero@npm:^2.0.2":
  version: 2.0.2
  resolution: "is-negative-zero@npm:2.0.2"
  checksum: f3232194c47a549da60c3d509c9a09be442507616b69454716692e37ae9f37c4dea264fb208ad0c9f3efd15a796a46b79df07c7e53c6227c32170608b809149a
  languageName: node
  linkType: hard

"is-number-object@npm:^1.0.4":
  version: 1.0.7
  resolution: "is-number-object@npm:1.0.7"
  dependencies:
    has-tostringtag: ^1.0.0
  checksum: d1e8d01bb0a7134c74649c4e62da0c6118a0bfc6771ea3c560914d52a627873e6920dd0fd0ebc0e12ad2ff4687eac4c308f7e80320b973b2c8a2c8f97a7524f7
  languageName: node
  linkType: hard

"is-regex@npm:^1.1.4":
  version: 1.1.4
  resolution: "is-regex@npm:1.1.4"
  dependencies:
    call-bind: ^1.0.2
    has-tostringtag: ^1.0.0
  checksum: 362399b33535bc8f386d96c45c9feb04cf7f8b41c182f54174c1a45c9abbbe5e31290bbad09a458583ff6bf3b2048672cdb1881b13289569a7c548370856a652
  languageName: node
  linkType: hard

"is-shared-array-buffer@npm:^1.0.2":
  version: 1.0.2
  resolution: "is-shared-array-buffer@npm:1.0.2"
  dependencies:
    call-bind: ^1.0.2
  checksum: 9508929cf14fdc1afc9d61d723c6e8d34f5e117f0bffda4d97e7a5d88c3a8681f633a74f8e3ad1fe92d5113f9b921dc5ca44356492079612f9a247efbce7032a
  languageName: node
  linkType: hard

"is-string@npm:^1.0.5, is-string@npm:^1.0.7":
  version: 1.0.7
  resolution: "is-string@npm:1.0.7"
  dependencies:
    has-tostringtag: ^1.0.0
  checksum: 323b3d04622f78d45077cf89aab783b2f49d24dc641aa89b5ad1a72114cfeff2585efc8c12ef42466dff32bde93d839ad321b26884cf75e5a7892a938b089989
  languageName: node
  linkType: hard

"is-symbol@npm:^1.0.2, is-symbol@npm:^1.0.3":
  version: 1.0.4
  resolution: "is-symbol@npm:1.0.4"
  dependencies:
    has-symbols: ^1.0.2
  checksum: 92805812ef590738d9de49d677cd17dfd486794773fb6fa0032d16452af46e9b91bb43ffe82c983570f015b37136f4b53b28b8523bfb10b0ece7a66c31a54510
  languageName: node
  linkType: hard

"is-weakref@npm:^1.0.2":
  version: 1.0.2
  resolution: "is-weakref@npm:1.0.2"
  dependencies:
    call-bind: ^1.0.2
  checksum: 95bd9a57cdcb58c63b1c401c60a474b0f45b94719c30f548c891860f051bc2231575c290a6b420c6bc6e7ed99459d424c652bd5bf9a1d5259505dc35b4bf83de
  languageName: node
  linkType: hard

"object-inspect@npm:^1.12.2, object-inspect@npm:^1.9.0":
  version: 1.12.2
  resolution: "object-inspect@npm:1.12.2"
  checksum: a534fc1b8534284ed71f25ce3a496013b7ea030f3d1b77118f6b7b1713829262be9e6243acbcb3ef8c626e2b64186112cb7f6db74e37b2789b9c789ca23048b2
  languageName: node
  linkType: hard

"object-keys@npm:^1.1.1":
  version: 1.1.1
  resolution: "object-keys@npm:1.1.1"
  checksum: b363c5e7644b1e1b04aa507e88dcb8e3a2f52b6ffd0ea801e4c7a62d5aa559affe21c55a07fd4b1fd55fc03a33c610d73426664b20032405d7b92a1414c34d6a
  languageName: node
  linkType: hard

"object.assign@npm:^4.1.2, object.assign@npm:^4.1.4":
  version: 4.1.4
  resolution: "object.assign@npm:4.1.4"
  dependencies:
    call-bind: ^1.0.2
    define-properties: ^1.1.4
    has-symbols: ^1.0.3
    object-keys: ^1.1.1
  checksum: 76cab513a5999acbfe0ff355f15a6a125e71805fcf53de4e9d4e082e1989bdb81d1e329291e1e4e0ae7719f0e4ef80e88fb2d367ae60500d79d25a6224ac8864
  languageName: node
  linkType: hard

"object.entries@npm:^1.1.5":
  version: 1.1.5
  resolution: "object.entries@npm:1.1.5"
  dependencies:
    call-bind: ^1.0.2
    define-properties: ^1.1.3
    es-abstract: ^1.19.1
  checksum: d658696f74fd222060d8428d2a9fda2ce736b700cb06f6bdf4a16a1892d145afb746f453502b2fa55d1dca8ead6f14ddbcf66c545df45adadea757a6c4cd86c7
  languageName: node
  linkType: hard

"regexp.prototype.flags@npm:^1.4.3":
  version: 1.4.3
  resolution: "regexp.prototype.flags@npm:1.4.3"
  dependencies:
    call-bind: ^1.0.2
    define-properties: ^1.1.3
    functions-have-names: ^1.2.2
  checksum: 51228bae732592adb3ededd5e15426be25f289e9c4ef15212f4da73f4ec3919b6140806374b8894036a86020d054a8d2657d3fee6bb9b4d35d8939c20030b7a6
  languageName: node
  linkType: hard

"safe-regex-test@npm:^1.0.0":
  version: 1.0.0
  resolution: "safe-regex-test@npm:1.0.0"
  dependencies:
    call-bind: ^1.0.2
    get-intrinsic: ^1.1.3
    is-regex: ^1.1.4
  checksum: bc566d8beb8b43c01b94e67de3f070fd2781685e835959bbbaaec91cc53381145ca91f69bd837ce6ec244817afa0a5e974fc4e40a2957f0aca68ac3add1ddd34
  languageName: node
  linkType: hard

"semver@npm:^6.3.0":
  version: 6.3.0
  resolution: "semver@npm:6.3.0"
  bin:
    semver: ./bin/semver.js
  checksum: 1b26ecf6db9e8292dd90df4e781d91875c0dcc1b1909e70f5d12959a23c7eebb8f01ea581c00783bbee72ceeaad9505797c381756326073850dc36ed284b21b9
  languageName: node
  linkType: hard

"side-channel@npm:^1.0.4":
  version: 1.0.4
  resolution: "side-channel@npm:1.0.4"
  dependencies:
    call-bind: ^1.0.0
    get-intrinsic: ^1.0.2
    object-inspect: ^1.9.0
  checksum: 351e41b947079c10bd0858364f32bb3a7379514c399edb64ab3dce683933483fc63fb5e4efe0a15a2e8a7e3c436b6a91736ddb8d8c6591b0460a24bb4a1ee245
  languageName: node
  linkType: hard

"string.prototype.trimend@npm:^1.0.5":
  version: 1.0.5
  resolution: "string.prototype.trimend@npm:1.0.5"
  dependencies:
    call-bind: ^1.0.2
    define-properties: ^1.1.4
    es-abstract: ^1.19.5
  checksum: d44f543833112f57224e79182debadc9f4f3bf9d48a0414d6f0cbd2a86f2b3e8c0ca1f95c3f8e5b32ae83e91554d79d932fc746b411895f03f93d89ed3dfb6bc
  languageName: node
  linkType: hard

"string.prototype.trimstart@npm:^1.0.5":
  version: 1.0.5
  resolution: "string.prototype.trimstart@npm:1.0.5"
  dependencies:
    call-bind: ^1.0.2
    define-properties: ^1.1.4
    es-abstract: ^1.19.5
  checksum: a4857c5399ad709d159a77371eeaa8f9cc284469a0b5e1bfe405de16f1fd4166a8ea6f4180e55032f348d1b679b1599fd4301fbc7a8b72bdb3e795e43f7b1048
  languageName: node
  linkType: hard

"unbox-primitive@npm:^1.0.2":
  version: 1.0.2
  resolution: "unbox-primitive@npm:1.0.2"
  dependencies:
    call-bind: ^1.0.2
    has-bigints: ^1.0.2
    has-symbols: ^1.0.3
    which-boxed-primitive: ^1.0.2
  checksum: b7a1cf5862b5e4b5deb091672ffa579aa274f648410009c81cca63fed3b62b610c4f3b773f912ce545bb4e31edc3138975b5bc777fc6e4817dca51affb6380e9
  languageName: node
  linkType: hard

"which-boxed-primitive@npm:^1.0.2":
  version: 1.0.2
  resolution: "which-boxed-primitive@npm:1.0.2"
  dependencies:
    is-bigint: ^1.0.1
    is-boolean-object: ^1.1.0
    is-number-object: ^1.0.4
    is-string: ^1.0.5
    is-symbol: ^1.0.3
  checksum: 53ce774c7379071729533922adcca47220228405e1895f26673bbd71bdf7fb09bee38c1d6399395927c6289476b5ae0629863427fd151491b71c4b6cb04f3a5e
  languageName: node
  linkType: hard
